
Microsoft Visual Studio Solution File, Format Version 12.00
# Visual Studio Version 17
VisualStudioVersion = 17.7.34031.279
MinimumVisualStudioVersion = 10.0.40219.1
Project("{FAE04EC0-301F-11D3-BF4B-00C04F79EFBC}") = "VNSEXPRESS", "VNSEXPRESS\VNSEXPRESS.csproj", "{8447EFF5-760C-4D42-8BFE-A212A67C2EA5}"
EndProject
Global
	GlobalSection(SolutionConfigurationPlatforms) = preSolution
		Debug|Any CPU = Debug|Any CPU
		Release|Any CPU = Release|Any CPU
	EndGlobalSection
	GlobalSection(ProjectConfigurationPlatforms) = postSolution
		{8447EFF5-760C-4D42-8BFE-A212A67C2EA5}.Debug|Any CPU.ActiveCfg = Debug|Any CPU
		{8447EFF5-760C-4D42-8BFE-A212A67C2EA5}.Debug|Any CPU.Build.0 = Debug|Any CPU
		{8447EFF5-760C-4D42-8BFE-A212A67C2EA5}.Release|Any CPU.ActiveCfg = Release|Any CPU
		{8447EFF5-760C-4D42-8BFE-A212A67C2EA5}.Release|Any CPU.Build.0 = Release|Any CPU
	EndGlobalSection
	GlobalSection(SolutionProperties) = preSolution
		HideSolutionNode = FALSE
	EndGlobalSection
	GlobalSection(ExtensibilityGlobals) = postSolution
		SolutionGuid = {B6E92F8F-7104-4607-831A-A8BBD81F326E}
	EndGlobalSection
EndGlobal
